
Microsoft Visual Studio Solution File, Format Version 12.00
# Visual Studio Version 17
VisualStudioVersion = 17.6.33829.357
MinimumVisualStudioVersion = 10.0.40219.1
Project("{FAE04EC0-301F-11D3-BF4B-00C04F79EFBC}") = "Gerenciador Games", "Gerenciador Games\Gerenciador Games.csproj", "{3972DD52-3CF0-4959-ADCF-0E148128D01F}"
EndProject
Global
	GlobalSection(SolutionConfigurationPlatforms) = preSolution
		Debug|Any CPU = Debug|Any CPU
		Release|Any CPU = Release|Any CPU
	EndGlobalSection
	GlobalSection(ProjectConfigurationPlatforms) = postSolution
		{3972DD52-3CF0-4959-ADCF-0E148128D01F}.Debug|Any CPU.ActiveCfg = Debug|Any CPU
		{3972DD52-3CF0-4959-ADCF-0E148128D01F}.Debug|Any CPU.Build.0 = Debug|Any CPU
		{3972DD52-3CF0-4959-ADCF-0E148128D01F}.Release|Any CPU.ActiveCfg = Release|Any CPU
		{3972DD52-3CF0-4959-ADCF-0E148128D01F}.Release|Any CPU.Build.0 = Release|Any CPU
	EndGlobalSection
	GlobalSection(SolutionProperties) = preSolution
		HideSolutionNode = FALSE
	EndGlobalSection
	GlobalSection(ExtensibilityGlobals) = postSolution
		SolutionGuid = {619703DD-E57B-46FD-992F-97276447B21B}
	EndGlobalSection
EndGlobal
